
Microsoft Visual Studio Solution File, Format Version 12.00
# Visual Studio Version 17
VisualStudioVersion = 17.10.35013.160
MinimumVisualStudioVersion = 10.0.40219.1
Project("{FAE04EC0-301F-11D3-BF4B-00C04F79EFBC}") = "HYS", "HYS\HYS.csproj", "{63C373A6-65BF-44C8-9BA0-949B21AB1214}"
EndProject
Global
	GlobalSection(SolutionConfigurationPlatforms) = preSolution
		Debug|Any CPU = Debug|Any CPU
		Release|Any CPU = Release|Any CPU
	EndGlobalSection
	GlobalSection(ProjectConfigurationPlatforms) = postSolution
		{63C373A6-65BF-44C8-9BA0-949B21AB1214}.Debug|Any CPU.ActiveCfg = Debug|Any CPU
		{63C373A6-65BF-44C8-9BA0-949B21AB1214}.Debug|Any CPU.Build.0 = Debug|Any CPU
		{63C373A6-65BF-44C8-9BA0-949B21AB1214}.Release|Any CPU.ActiveCfg = Release|Any CPU
		{63C373A6-65BF-44C8-9BA0-949B21AB1214}.Release|Any CPU.Build.0 = Release|Any CPU
	EndGlobalSection
	GlobalSection(SolutionProperties) = preSolution
		HideSolutionNode = FALSE
	EndGlobalSection
	GlobalSection(ExtensibilityGlobals) = postSolution
		SolutionGuid = {A228F1FF-3632-41DB-AD73-186A9020C37F}
	EndGlobalSection
EndGlobal
